{
  "name": "zfblog",
  "version": "1.0.0",
  "dependencies": {
    "accepts": {
      "version": "1.3.3",
      "from": "accepts@>=1.3.3 <1.4.0",
      "resolved": "https://registry.npmjs.org/accepts/-/accepts-1.3.3.tgz"
    },
    "another-json-schema": {
      "version": "2.1.0",
      "from": "another-json-schema@2.1.0",
      "resolved": "https://registry.npmjs.org/another-json-schema/-/another-json-schema-2.1.0.tgz"
    },
    "ansi-regex": {
      "version": "2.1.1",
      "from": "ansi-regex@>=2.0.0 <3.0.0",
      "resolved": "https://registry.npmjs.org/ansi-regex/-/ansi-regex-2.1.1.tgz"
    },
    "ansi-styles": {
      "version": "2.2.1",
      "from": "ansi-styles@>=2.2.1 <3.0.0",
      "resolved": "https://registry.npmjs.org/ansi-styles/-/ansi-styles-2.2.1.tgz"
    },
    "argparse": {
      "version": "1.0.9",
      "from": "argparse@>=1.0.7 <2.0.0",
      "resolved": "https://registry.npmjs.org/argparse/-/argparse-1.0.9.tgz"
    },
    "array-flatten": {
      "version": "1.1.1",
      "from": "array-flatten@1.1.1",
      "resolved": "https://registry.npmjs.org/array-flatten/-/array-flatten-1.1.1.tgz"
    },
    "async": {
      "version": "1.0.0",
      "from": "async@>=1.0.0 <1.1.0",
      "resolved": "https://registry.npmjs.org/async/-/async-1.0.0.tgz"
    },
    "bluebird": {
      "version": "3.4.7",
      "from": "bluebird@>=3.0.0 <4.0.0",
      "resolved": "https://registry.npmjs.org/bluebird/-/bluebird-3.4.7.tgz"
    },
    "bson": {
      "version": "1.0.4",
      "from": "bson@>=1.0.4 <1.1.0",
      "resolved": "https://registry.npmjs.org/bson/-/bson-1.0.4.tgz"
    },
    "buffer-shims": {
      "version": "1.0.0",
      "from": "buffer-shims@>=1.0.0 <2.0.0",
      "resolved": "https://registry.npmjs.org/buffer-shims/-/buffer-shims-1.0.0.tgz"
    },
    "chalk": {
      "version": "1.1.3",
      "from": "chalk@>=1.1.3 <2.0.0",
      "resolved": "https://registry.npmjs.org/chalk/-/chalk-1.1.3.tgz"
    },
    "charenc": {
      "version": "0.0.2",
      "from": "charenc@>=0.0.1",
      "resolved": "https://registry.npmjs.org/charenc/-/charenc-0.0.2.tgz"
    },
    "co": {
      "version": "4.6.0",
      "from": "co@4.6.0",
      "resolved": "https://registry.npmjs.org/co/-/co-4.6.0.tgz"
    },
    "colors": {
      "version": "1.0.3",
      "from": "colors@>=1.0.0 <1.1.0",
      "resolved": "https://registry.npmjs.org/colors/-/colors-1.0.3.tgz"
    },
    "config-lite": {
      "version": "1.5.0",
      "from": "config-lite@latest",
      "resolved": "https://registry.npmjs.org/config-lite/-/config-lite-1.5.0.tgz"
    },
    "connect-flash": {
      "version": "0.1.1",
      "from": "connect-flash@latest",
      "resolved": "https://registry.npmjs.org/connect-flash/-/connect-flash-0.1.1.tgz"
    },
    "connect-mongo": {
      "version": "1.3.2",
      "from": "connect-mongo@latest",
      "resolved": "https://registry.npmjs.org/connect-mongo/-/connect-mongo-1.3.2.tgz"
    },
    "content-disposition": {
      "version": "0.5.2",
      "from": "content-disposition@0.5.2",
      "resolved": "https://registry.npmjs.org/content-disposition/-/content-disposition-0.5.2.tgz"
    },
    "content-type": {
      "version": "1.0.2",
      "from": "content-type@>=1.0.2 <1.1.0",
      "resolved": "https://registry.npmjs.org/content-type/-/content-type-1.0.2.tgz"
    },
    "cookie": {
      "version": "0.3.1",
      "from": "cookie@0.3.1",
      "resolved": "https://registry.npmjs.org/cookie/-/cookie-0.3.1.tgz"
    },
    "cookie-signature": {
      "version": "1.0.6",
      "from": "cookie-signature@1.0.6",
      "resolved": "https://registry.npmjs.org/cookie-signature/-/cookie-signature-1.0.6.tgz"
    },
    "core-util-is": {
      "version": "1.0.2",
      "from": "core-util-is@>=1.0.0 <1.1.0",
      "resolved": "https://registry.npmjs.org/core-util-is/-/core-util-is-1.0.2.tgz"
    },
    "crc": {
      "version": "3.4.4",
      "from": "crc@3.4.4",
      "resolved": "https://registry.npmjs.org/crc/-/crc-3.4.4.tgz"
    },
    "crypt": {
      "version": "0.0.2",
      "from": "crypt@>=0.0.1",
      "resolved": "https://registry.npmjs.org/crypt/-/crypt-0.0.2.tgz"
    },
    "cycle": {
      "version": "1.0.3",
      "from": "cycle@>=1.0.0 <1.1.0",
      "resolved": "https://registry.npmjs.org/cycle/-/cycle-1.0.3.tgz"
    },
    "debug": {
      "version": "2.6.1",
      "from": "debug@2.6.1",
      "resolved": "https://registry.npmjs.org/debug/-/debug-2.6.1.tgz"
    },
    "depd": {
      "version": "1.1.0",
      "from": "depd@>=1.1.0 <1.2.0",
      "resolved": "https://registry.npmjs.org/depd/-/depd-1.1.0.tgz"
    },
    "destroy": {
      "version": "1.0.4",
      "from": "destroy@>=1.0.4 <1.1.0",
      "resolved": "https://registry.npmjs.org/destroy/-/destroy-1.0.4.tgz"
    },
    "ee-first": {
      "version": "1.1.1",
      "from": "ee-first@1.1.1",
      "resolved": "https://registry.npmjs.org/ee-first/-/ee-first-1.1.1.tgz"
    },
    "ejs": {
      "version": "2.5.6",
      "from": "ejs@latest",
      "resolved": "https://registry.npmjs.org/ejs/-/ejs-2.5.6.tgz"
    },
    "encodeurl": {
      "version": "1.0.1",
      "from": "encodeurl@>=1.0.1 <1.1.0",
      "resolved": "https://registry.npmjs.org/encodeurl/-/encodeurl-1.0.1.tgz"
    },
    "es6-promise": {
      "version": "3.2.1",
      "from": "es6-promise@3.2.1",
      "resolved": "https://registry.npmjs.org/es6-promise/-/es6-promise-3.2.1.tgz"
    },
    "escape-html": {
      "version": "1.0.3",
      "from": "escape-html@>=1.0.3 <1.1.0",
      "resolved": "https://registry.npmjs.org/escape-html/-/escape-html-1.0.3.tgz"
    },
    "escape-string-regexp": {
      "version": "1.0.5",
      "from": "escape-string-regexp@>=1.0.2 <2.0.0",
      "resolved": "https://registry.npmjs.org/escape-string-regexp/-/escape-string-regexp-1.0.5.tgz"
    },
    "esprima": {
      "version": "3.1.3",
      "from": "esprima@>=3.1.1 <4.0.0",
      "resolved": "https://registry.npmjs.org/esprima/-/esprima-3.1.3.tgz"
    },
    "etag": {
      "version": "1.8.0",
      "from": "etag@>=1.8.0 <1.9.0",
      "resolved": "https://registry.npmjs.org/etag/-/etag-1.8.0.tgz"
    },
    "express": {
      "version": "4.15.0",
      "from": "https://registry.npmjs.org/express/-/express-4.15.0.tgz",
      "resolved": "https://registry.npmjs.org/express/-/express-4.15.0.tgz"
    },
    "express-formidable": {
      "version": "1.0.0",
      "from": "express-formidable@latest",
      "resolved": "https://registry.npmjs.org/express-formidable/-/express-formidable-1.0.0.tgz"
    },
    "express-session": {
      "version": "1.15.1",
      "from": "express-session@latest",
      "resolved": "https://registry.npmjs.org/express-session/-/express-session-1.15.1.tgz"
    },
    "express-winston": {
      "version": "2.3.0",
      "from": "express-winston@latest",
      "resolved": "https://registry.npmjs.org/express-winston/-/express-winston-2.3.0.tgz",
      "dependencies": {
        "ansi-styles": {
          "version": "1.0.0",
          "from": "ansi-styles@>=1.0.0 <1.1.0",
          "resolved": "https://registry.npmjs.org/ansi-styles/-/ansi-styles-1.0.0.tgz"
        },
        "chalk": {
          "version": "0.4.0",
          "from": "chalk@>=0.4.0 <0.5.0",
          "resolved": "https://registry.npmjs.org/chalk/-/chalk-0.4.0.tgz"
        },
        "strip-ansi": {
          "version": "0.1.1",
          "from": "strip-ansi@>=0.1.0 <0.2.0",
          "resolved": "https://registry.npmjs.org/strip-ansi/-/strip-ansi-0.1.1.tgz"
        }
      }
    },
    "eyes": {
      "version": "0.1.8",
      "from": "eyes@>=0.1.0 <0.2.0",
      "resolved": "https://registry.npmjs.org/eyes/-/eyes-0.1.8.tgz"
    },
    "finalhandler": {
      "version": "1.0.0",
      "from": "finalhandler@>=1.0.0 <1.1.0",
      "resolved": "https://registry.npmjs.org/finalhandler/-/finalhandler-1.0.0.tgz"
    },
    "formidable": {
      "version": "1.1.1",
      "from": "formidable@>=1.0.17 <2.0.0",
      "resolved": "https://registry.npmjs.org/formidable/-/formidable-1.1.1.tgz"
    },
    "forwarded": {
      "version": "0.1.0",
      "from": "forwarded@>=0.1.0 <0.2.0",
      "resolved": "https://registry.npmjs.org/forwarded/-/forwarded-0.1.0.tgz"
    },
    "fresh": {
      "version": "0.5.0",
      "from": "fresh@0.5.0",
      "resolved": "https://registry.npmjs.org/fresh/-/fresh-0.5.0.tgz"
    },
    "has-ansi": {
      "version": "2.0.0",
      "from": "has-ansi@>=2.0.0 <3.0.0",
      "resolved": "https://registry.npmjs.org/has-ansi/-/has-ansi-2.0.0.tgz"
    },
    "has-color": {
      "version": "0.1.7",
      "from": "has-color@>=0.1.0 <0.2.0",
      "resolved": "https://registry.npmjs.org/has-color/-/has-color-0.1.7.tgz"
    },
    "http-errors": {
      "version": "1.6.1",
      "from": "http-errors@>=1.6.1 <1.7.0",
      "resolved": "https://registry.npmjs.org/http-errors/-/http-errors-1.6.1.tgz"
    },
    "inflected": {
      "version": "1.1.7",
      "from": "inflected@1.1.7",
      "resolved": "https://registry.npmjs.org/inflected/-/inflected-1.1.7.tgz"
    },
    "inherits": {
      "version": "2.0.3",
      "from": "inherits@2.0.3",
      "resolved": "https://registry.npmjs.org/inherits/-/inherits-2.0.3.tgz"
    },
    "ipaddr.js": {
      "version": "1.2.0",
      "from": "ipaddr.js@1.2.0",
      "resolved": "https://registry.npmjs.org/ipaddr.js/-/ipaddr.js-1.2.0.tgz"
    },
    "is-buffer": {
      "version": "1.1.4",
      "from": "is-buffer@>=1.1.2 <2.0.0",
      "resolved": "https://registry.npmjs.org/is-buffer/-/is-buffer-1.1.4.tgz"
    },
    "isarray": {
      "version": "1.0.0",
      "from": "isarray@>=1.0.0 <1.1.0",
      "resolved": "https://registry.npmjs.org/isarray/-/isarray-1.0.0.tgz"
    },
    "isstream": {
      "version": "0.1.2",
      "from": "isstream@>=0.1.0 <0.2.0",
      "resolved": "https://registry.npmjs.org/isstream/-/isstream-0.1.2.tgz"
    },
    "js-yaml": {
      "version": "3.8.2",
      "from": "js-yaml@>=3.3.1 <4.0.0",
      "resolved": "https://registry.npmjs.org/js-yaml/-/js-yaml-3.8.2.tgz"
    },
    "lodash": {
      "version": "4.11.2",
      "from": "lodash@>=4.11.1 <4.12.0",
      "resolved": "https://registry.npmjs.org/lodash/-/lodash-4.11.2.tgz"
    },
    "marked": {
      "version": "0.3.6",
      "from": "marked@latest",
      "resolved": "https://registry.npmjs.org/marked/-/marked-0.3.6.tgz"
    },
    "media-typer": {
      "version": "0.3.0",
      "from": "media-typer@0.3.0",
      "resolved": "https://registry.npmjs.org/media-typer/-/media-typer-0.3.0.tgz"
    },
    "merge-descriptors": {
      "version": "1.0.1",
      "from": "merge-descriptors@1.0.1",
      "resolved": "https://registry.npmjs.org/merge-descriptors/-/merge-descriptors-1.0.1.tgz"
    },
    "methods": {
      "version": "1.1.2",
      "from": "methods@>=1.1.2 <1.2.0",
      "resolved": "https://registry.npmjs.org/methods/-/methods-1.1.2.tgz"
    },
    "mime": {
      "version": "1.3.4",
      "from": "mime@1.3.4",
      "resolved": "https://registry.npmjs.org/mime/-/mime-1.3.4.tgz"
    },
    "mime-db": {
      "version": "1.26.0",
      "from": "mime-db@>=1.26.0 <1.27.0",
      "resolved": "https://registry.npmjs.org/mime-db/-/mime-db-1.26.0.tgz"
    },
    "mime-types": {
      "version": "2.1.14",
      "from": "mime-types@>=2.1.11 <2.2.0",
      "resolved": "https://registry.npmjs.org/mime-types/-/mime-types-2.1.14.tgz"
    },
    "minimist": {
      "version": "0.0.10",
      "from": "minimist@>=0.0.1 <0.1.0",
      "resolved": "https://registry.npmjs.org/minimist/-/minimist-0.0.10.tgz"
    },
    "moment": {
      "version": "2.17.1",
      "from": "moment@latest",
      "resolved": "https://registry.npmjs.org/moment/-/moment-2.17.1.tgz"
    },
    "mongodb": {
      "version": "2.2.24",
      "from": "mongodb@>=1.2.0 <3.0.0",
      "resolved": "https://registry.npmjs.org/mongodb/-/mongodb-2.2.24.tgz"
    },
    "mongodb-core": {
      "version": "2.1.8",
      "from": "mongodb-core@2.1.8",
      "resolved": "https://registry.npmjs.org/mongodb-core/-/mongodb-core-2.1.8.tgz"
    },
    "mongolass": {
      "version": "2.4.2",
      "from": "mongolass@latest",
      "resolved": "https://registry.npmjs.org/mongolass/-/mongolass-2.4.2.tgz",
      "dependencies": {
        "bluebird": {
          "version": "3.4.6",
          "from": "bluebird@3.4.6",
          "resolved": "https://registry.npmjs.org/bluebird/-/bluebird-3.4.6.tgz"
        },
        "debug": {
          "version": "2.3.3",
          "from": "debug@2.3.3",
          "resolved": "https://registry.npmjs.org/debug/-/debug-2.3.3.tgz"
        },
        "lodash": {
          "version": "4.17.2",
          "from": "lodash@4.17.2",
          "resolved": "https://registry.npmjs.org/lodash/-/lodash-4.17.2.tgz"
        },
        "mongodb": {
          "version": "2.2.14",
          "from": "mongodb@2.2.14",
          "resolved": "https://registry.npmjs.org/mongodb/-/mongodb-2.2.14.tgz"
        },
        "mongodb-core": {
          "version": "2.1.1",
          "from": "mongodb-core@2.1.1",
          "resolved": "https://registry.npmjs.org/mongodb-core/-/mongodb-core-2.1.1.tgz"
        }
      }
    },
    "mongolass-plugin-populate": {
      "version": "0.2.0",
      "from": "mongolass-plugin-populate@*",
      "resolved": "https://registry.npmjs.org/mongolass-plugin-populate/-/mongolass-plugin-populate-0.2.0.tgz",
      "dependencies": {
        "lodash": {
          "version": "4.15.0",
          "from": "lodash@4.15.0",
          "resolved": "https://registry.npmjs.org/lodash/-/lodash-4.15.0.tgz"
        }
      }
    },
    "ms": {
      "version": "0.7.2",
      "from": "ms@0.7.2",
      "resolved": "https://registry.npmjs.org/ms/-/ms-0.7.2.tgz"
    },
    "negotiator": {
      "version": "0.6.1",
      "from": "negotiator@0.6.1",
      "resolved": "https://registry.npmjs.org/negotiator/-/negotiator-0.6.1.tgz"
    },
    "objectid-to-timestamp": {
      "version": "1.3.0",
      "from": "objectid-to-timestamp@latest",
      "resolved": "https://registry.npmjs.org/objectid-to-timestamp/-/objectid-to-timestamp-1.3.0.tgz"
    },
    "on-finished": {
      "version": "2.3.0",
      "from": "on-finished@>=2.3.0 <2.4.0",
      "resolved": "https://registry.npmjs.org/on-finished/-/on-finished-2.3.0.tgz"
    },
    "on-headers": {
      "version": "1.0.1",
      "from": "on-headers@>=1.0.1 <1.1.0",
      "resolved": "https://registry.npmjs.org/on-headers/-/on-headers-1.0.1.tgz"
    },
    "optimist": {
      "version": "0.6.1",
      "from": "optimist@>=0.6.1 <0.7.0",
      "resolved": "https://registry.npmjs.org/optimist/-/optimist-0.6.1.tgz"
    },
    "parseurl": {
      "version": "1.3.1",
      "from": "parseurl@>=1.3.1 <1.4.0",
      "resolved": "https://registry.npmjs.org/parseurl/-/parseurl-1.3.1.tgz"
    },
    "path-to-regexp": {
      "version": "0.1.7",
      "from": "path-to-regexp@0.1.7",
      "resolved": "https://registry.npmjs.org/path-to-regexp/-/path-to-regexp-0.1.7.tgz"
    },
    "process-nextick-args": {
      "version": "1.0.7",
      "from": "process-nextick-args@>=1.0.6 <1.1.0",
      "resolved": "https://registry.npmjs.org/process-nextick-args/-/process-nextick-args-1.0.7.tgz"
    },
    "proxy-addr": {
      "version": "1.1.3",
      "from": "proxy-addr@>=1.1.3 <1.2.0",
      "resolved": "https://registry.npmjs.org/proxy-addr/-/proxy-addr-1.1.3.tgz"
    },
    "qs": {
      "version": "6.3.1",
      "from": "qs@6.3.1",
      "resolved": "https://registry.npmjs.org/qs/-/qs-6.3.1.tgz"
    },
    "random-bytes": {
      "version": "1.0.0",
      "from": "random-bytes@>=1.0.0 <1.1.0",
      "resolved": "https://registry.npmjs.org/random-bytes/-/random-bytes-1.0.0.tgz"
    },
    "range-parser": {
      "version": "1.2.0",
      "from": "range-parser@>=1.2.0 <1.3.0",
      "resolved": "https://registry.npmjs.org/range-parser/-/range-parser-1.2.0.tgz"
    },
    "readable-stream": {
      "version": "2.1.5",
      "from": "readable-stream@2.1.5",
      "resolved": "https://registry.npmjs.org/readable-stream/-/readable-stream-2.1.5.tgz"
    },
    "require_optional": {
      "version": "1.0.0",
      "from": "require_optional@>=1.0.0 <1.1.0",
      "resolved": "https://registry.npmjs.org/require_optional/-/require_optional-1.0.0.tgz"
    },
    "resolve": {
      "version": "1.1.7",
      "from": "resolve@>=1.1.6 <1.2.0",
      "resolved": "https://registry.npmjs.org/resolve/-/resolve-1.1.7.tgz"
    },
    "resolve-from": {
      "version": "2.0.0",
      "from": "resolve-from@>=2.0.0 <3.0.0",
      "resolved": "https://registry.npmjs.org/resolve-from/-/resolve-from-2.0.0.tgz"
    },
    "semver": {
      "version": "5.3.0",
      "from": "semver@>=5.1.0 <6.0.0",
      "resolved": "https://registry.npmjs.org/semver/-/semver-5.3.0.tgz"
    },
    "send": {
      "version": "0.15.0",
      "from": "send@0.15.0",
      "resolved": "https://registry.npmjs.org/send/-/send-0.15.0.tgz"
    },
    "serve-static": {
      "version": "1.12.0",
      "from": "serve-static@1.12.0",
      "resolved": "https://registry.npmjs.org/serve-static/-/serve-static-1.12.0.tgz"
    },
    "setprototypeof": {
      "version": "1.0.3",
      "from": "setprototypeof@1.0.3",
      "resolved": "https://registry.npmjs.org/setprototypeof/-/setprototypeof-1.0.3.tgz"
    },
    "sha1": {
      "version": "1.1.1",
      "from": "sha1@latest",
      "resolved": "https://registry.npmjs.org/sha1/-/sha1-1.1.1.tgz"
    },
    "sprintf-js": {
      "version": "1.0.3",
      "from": "sprintf-js@>=1.0.2 <1.1.0",
      "resolved": "https://registry.npmjs.org/sprintf-js/-/sprintf-js-1.0.3.tgz"
    },
    "stack-trace": {
      "version": "0.0.9",
      "from": "stack-trace@>=0.0.0 <0.1.0",
      "resolved": "https://registry.npmjs.org/stack-trace/-/stack-trace-0.0.9.tgz"
    },
    "statuses": {
      "version": "1.3.1",
      "from": "statuses@>=1.3.1 <1.4.0",
      "resolved": "https://registry.npmjs.org/statuses/-/statuses-1.3.1.tgz"
    },
    "string_decoder": {
      "version": "0.10.31",
      "from": "string_decoder@>=0.10.0 <0.11.0",
      "resolved": "https://registry.npmjs.org/string_decoder/-/string_decoder-0.10.31.tgz"
    },
    "strip-ansi": {
      "version": "3.0.1",
      "from": "strip-ansi@>=3.0.0 <4.0.0",
      "resolved": "https://registry.npmjs.org/strip-ansi/-/strip-ansi-3.0.1.tgz"
    },
    "supports-color": {
      "version": "2.0.0",
      "from": "supports-color@>=2.0.0 <3.0.0",
      "resolved": "https://registry.npmjs.org/supports-color/-/supports-color-2.0.0.tgz"
    },
    "type-is": {
      "version": "1.6.14",
      "from": "type-is@>=1.6.14 <1.7.0",
      "resolved": "https://registry.npmjs.org/type-is/-/type-is-1.6.14.tgz"
    },
    "uid-safe": {
      "version": "2.1.4",
      "from": "uid-safe@>=2.1.3 <2.2.0",
      "resolved": "https://registry.npmjs.org/uid-safe/-/uid-safe-2.1.4.tgz"
    },
    "unpipe": {
      "version": "1.0.0",
      "from": "unpipe@>=1.0.0 <1.1.0",
      "resolved": "https://registry.npmjs.org/unpipe/-/unpipe-1.0.0.tgz"
    },
    "util-deprecate": {
      "version": "1.0.2",
      "from": "util-deprecate@>=1.0.1 <1.1.0",
      "resolved": "https://registry.npmjs.org/util-deprecate/-/util-deprecate-1.0.2.tgz"
    },
    "utils-merge": {
      "version": "1.0.0",
      "from": "utils-merge@1.0.0",
      "resolved": "https://registry.npmjs.org/utils-merge/-/utils-merge-1.0.0.tgz"
    },
    "validator": {
      "version": "6.2.0",
      "from": "validator@6.2.0",
      "resolved": "https://registry.npmjs.org/validator/-/validator-6.2.0.tgz"
    },
    "vary": {
      "version": "1.1.0",
      "from": "vary@>=1.1.0 <1.2.0",
      "resolved": "https://registry.npmjs.org/vary/-/vary-1.1.0.tgz"
    },
    "winston": {
      "version": "2.3.1",
      "from": "winston@latest",
      "resolved": "https://registry.npmjs.org/winston/-/winston-2.3.1.tgz"
    },
    "wordwrap": {
      "version": "0.0.3",
      "from": "wordwrap@>=0.0.2 <0.1.0",
      "resolved": "https://registry.npmjs.org/wordwrap/-/wordwrap-0.0.3.tgz"
    }
  }
}
